// !$*UTF8*$!
{
	archiveVersion = 1;
	classes = {
	};
	objectVersion = 46;
	objects = {

/* Begin PBXBuildFile section */
		FFB8FFE41C1FA1E200938E52 /* main.swift in Sources */ = {isa = PBXBuildFile; fileRef = FFB8FFE31C1FA1E200938E52 /* main.swift */; };
		FFB8FFED1C1FA2AE00938E52 /* Puzzle1.swift in Sources */ = {isa = PBXBuildFile; fileRef = FFB8FFEC1C1FA2AE00938E52 /* Puzzle1.swift */; };
		FFB8FFEF1C1FA34200938E52 /* PuzzleProtocol.swift in Sources */ = {isa = PBXBuildFile; fileRef = FFB8FFEE1C1FA34200938E52 /* PuzzleProtocol.swift */; };
		FFB8FFF11C23786100938E52 /* PuzzleInput.swift in Sources */ = {isa = PBXBuildFile; fileRef = FFB8FFF01C23786100938E52 /* PuzzleInput.swift */; };
		FFB8FFF51C237C2400938E52 /* PuzzleBase.swift in Sources */ = {isa = PBXBuildFile; fileRef = FFB8FFF41C237C2400938E52 /* PuzzleBase.swift */; };
/* End PBXBuildFile section */

/* Begin PBXCopyFilesBuildPhase section */
		FFB8FFDE1C1FA1E200938E52 /* CopyFiles */ = {
			isa = PBXCopyFilesBuildPhase;
			buildActionMask = 2147483647;
			dstPath = /usr/share/man/man1/;
			dstSubfolderSpec = 0;
			files = (
			);
			runOnlyForDeploymentPostprocessing = 1;
		};
/* End PBXCopyFilesBuildPhase section */

/* Begin PBXFileReference section */
		FFB8FFE01C1FA1E200938E52 /* AdventOfCode2015.swift */ = {isa = PBXFileReference; explicitFileType = "compiled.mach-o.executable"; includeInIndex = 0; path = AdventOfCode2015.swift; sourceTree = BUILT_PRODUCTS_DIR; };
		FFB8FFE31C1FA1E200938E52 /* main.swift */ = {isa = PBXFileReference; lastKnownFileType = sourcecode.swift; path = main.swift; sourceTree = "<group>"; };
		FFB8FFEC1C1FA2AE00938E52 /* Puzzle1.swift */ = {isa = PBXFileReference; fileEncoding = 4; lastKnownFileType = sourcecode.swift; path = Puzzle1.swift; sourceTree = "<group>"; };
		FFB8FFEE1C1FA34200938E52 /* PuzzleProtocol.swift */ = {isa = PBXFileReference; fileEncoding = 4; lastKnownFileType = sourcecode.swift; path = PuzzleProtocol.swift; sourceTree = "<group>"; };
		FFB8FFF01C23786100938E52 /* PuzzleInput.swift */ = {isa = PBXFileReference; fileEncoding = 4; lastKnownFileType = sourcecode.swift; path = PuzzleInput.swift; sourceTree = "<group>"; };
		FFB8FFF41C237C2400938E52 /* PuzzleBase.swift */ = {isa = PBXFileReference; fileEncoding = 4; lastKnownFileType = sourcecode.swift; path = PuzzleBase.swift; sourceTree = SOURCE_ROOT; };
/* End PBXFileReference section */

/* Begin PBXFrameworksBuildPhase section */
		FFB8FFDD1C1FA1E200938E52 /* Frameworks */ = {
			isa = PBXFrameworksBuildPhase;
			buildActionMask = 2147483647;
			files = (
			);
			runOnlyForDeploymentPostprocessing = 0;
		};
/* End PBXFrameworksBuildPhase section */

/* Begin PBXGroup section */
		FFB8FFD71C1FA1E200938E52 = {
			isa = PBXGroup;
			children = (
				FFB8FFE21C1FA1E200938E52 /* AdventOfCode2015.swift */,
				FFB8FFE11C1FA1E200938E52 /* Products */,
			);
			sourceTree = "<group>";
		};
		FFB8FFE11C1FA1E200938E52 /* Products */ = {
			isa = PBXGroup;
			children = (
				FFB8FFE01C1FA1E200938E52 /* AdventOfCode2015.swift */,
			);
			name = Products;
			sourceTree = "<group>";
		};
		FFB8FFE21C1FA1E200938E52 /* AdventOfCode2015.swift */ = {
			isa = PBXGroup;
			children = (
				FFB8FFEA1C1FA25300938E52 /* Puzzles */,
				FFB8FFE31C1FA1E200938E52 /* main.swift */,
			);
			path = AdventOfCode2015.swift;
			sourceTree = "<group>";
		};
		FFB8FFEA1C1FA25300938E52 /* Puzzles */ = {
			isa = PBXGroup;
			children = (
				FFB8FFEB1C1FA26B00938E52 /* Day1 */,
				FFB8FFEE1C1FA34200938E52 /* PuzzleProtocol.swift */,
				FFB8FFF41C237C2400938E52 /* PuzzleBase.swift */,
			);
			name = Puzzles;
			sourceTree = "<group>";
		};
		FFB8FFEB1C1FA26B00938E52 /* Day1 */ = {
			isa = PBXGroup;
			children = (
				FFB8FFEC1C1FA2AE00938E52 /* Puzzle1.swift */,
				FFB8FFF01C23786100938E52 /* PuzzleInput.swift */,
			);
			name = Day1;
			sourceTree = "<group>";
		};
/* End PBXGroup section */

/* Begin PBXNativeTarget section */
		FFB8FFDF1C1FA1E200938E52 /* AdventOfCode2015.swift */ = {
			isa = PBXNativeTarget;
			buildConfigurationList = FFB8FFE71C1FA1E200938E52 /* Build configuration list for PBXNativeTarget "AdventOfCode2015.swift" */;
			buildPhases = (
				FFB8FFDC1C1FA1E200938E52 /* Sources */,
				FFB8FFDD1C1FA1E200938E52 /* Frameworks */,
				FFB8FFDE1C1FA1E200938E52 /* CopyFiles */,
			);
			buildRules = (
			);
			dependencies = (
			);
			name = AdventOfCode2015.swift;
			productName = AdventOfCode2015.swift;
			productReference = FFB8FFE01C1FA1E200938E52 /* AdventOfCode2015.swift */;
			productType = "com.apple.product-type.tool";
		};
/* End PBXNativeTarget section */

/* Begin PBXProject section */
		FFB8FFD81C1FA1E200938E52 /* Project object */ = {
			isa = PBXProject;
			attributes = {
				LastSwiftUpdateCheck = 0720;
				LastUpgradeCheck = 0720;
				ORGANIZATIONNAME = TLogik;
				TargetAttributes = {
					FFB8FFDF1C1FA1E200938E52 = {
						CreatedOnToolsVersion = 7.2;
					};
				};
			};
			buildConfigurationList = FFB8FFDB1C1FA1E200938E52 /* Build configuration list for PBXProject "AdventOfCode2015.swift" */;
			compatibilityVersion = "Xcode 3.2";
			developmentRegion = English;
			hasScannedForEncodings = 0;
			knownRegions = (
				en,
			);
			mainGroup = FFB8FFD71C1FA1E200938E52;
			productRefGroup = FFB8FFE11C1FA1E200938E52 /* Products */;
			projectDirPath = "";
			projectRoot = "";
			targets = (
				FFB8FFDF1C1FA1E200938E52 /* AdventOfCode2015.swift */,
			);
		};
/* End PBXProject section */

/* Begin PBXSourcesBuildPhase section */
		FFB8FFDC1C1FA1E200938E52 /* Sources */ = {
			isa = PBXSourcesBuildPhase;
			buildActionMask = 2147483647;
			files = (
				FFB8FFE41C1FA1E200938E52 /* main.swift in Sources */,
				FFB8FFED1C1FA2AE00938E52 /* Puzzle1.swift in Sources */,
				FFB8FFF11C23786100938E52 /* PuzzleInput.swift in Sources */,
				FFB8FFF51C237C2400938E52 /* PuzzleBase.swift in Sources */,
				FFB8FFEF1C1FA34200938E52 /* PuzzleProtocol.swift in Sources */,
			);
			runOnlyForDeploymentPostprocessing = 0;
		};
/* End PBXSourcesBuildPhase section */

/* Begin XCBuildConfiguration section */
		FFB8FFE51C1FA1E200938E52 /* Debug */ = {
			isa = XCBuildConfiguration;
			buildSettings = {
				ALWAYS_SEARCH_USER_PATHS = NO;
				CLANG_CXX_LANGUAGE_STANDARD = "gnu++0x";
				CLANG_CXX_LIBRARY = "libc++";
				CLANG_ENABLE_MODULES = YES;
				CLANG_ENABLE_OBJC_ARC = YES;
				CLANG_WARN_BOOL_CONVERSION = YES;
				CLANG_WARN_CONSTANT_CONVERSION = YES;
				CLANG_WARN_DIRECT_OBJC_ISA_USAGE = YES_ERROR;
				CLANG_WARN_EMPTY_BODY = YES;
				CLANG_WARN_ENUM_CONVERSION = YES;
				CLANG_WARN_INT_CONVERSION = YES;
				CLANG_WARN_OBJC_ROOT_CLASS = YES_ERROR;
				CLANG_WARN_UNREACHABLE_CODE = YES;
				CLANG_WARN__DUPLICATE_METHOD_MATCH = YES;
				CODE_SIGN_IDENTITY = "-";
				COPY_PHASE_STRIP = NO;
				DEBUG_INFORMATION_FORMAT = dwarf;
				ENABLE_STRICT_OBJC_MSGSEND = YES;
				ENABLE_TESTABILITY = YES;
				GCC_C_LANGUAGE_STANDARD = gnu99;
				GCC_DYNAMIC_NO_PIC = NO;
				GCC_NO_COMMON_BLOCKS = YES;
				GCC_OPTIMIZATION_LEVEL = 0;
				GCC_PREPROCESSOR_DEFINITIONS = (
					"DEBUG=1",
					"$(inherited)",
				);
				GCC_WARN_64_TO_32_BIT_CONVERSION = YES;
				GCC_WARN_ABOUT_RETURN_TYPE = YES_ERROR;
				GCC_WARN_UNDECLARED_SELECTOR = YES;
				GCC_WARN_UNINITIALIZED_AUTOS = YES_AGGRESSIVE;
				GCC_WARN_UNUSED_FUNCTION = YES;
				GCC_WARN_UNUSED_VARIABLE = YES;
				MACOSX_DEPLOYMENT_TARGET = 10.11;
				MTL_ENABLE_DEBUG_INFO = YES;
				ONLY_ACTIVE_ARCH = YES;
				SDKROOT = macosx;
				SWIFT_OPTIMIZATION_LEVEL = "-Onone";
			};
			name = Debug;
		};
		FFB8FFE61C1FA1E200938E52 /* Release */ = {
			isa = XCBuildConfiguration;
			buildSettings = {
				ALWAYS_SEARCH_USER_PATHS = NO;
				CLANG_CXX_LANGUAGE_STANDARD = "gnu++0x";
				CLANG_CXX_LIBRARY = "libc++";
				CLANG_ENABLE_MODULES = YES;
				CLANG_ENABLE_OBJC_ARC = YES;
				CLANG_WARN_BOOL_CONVERSION = YES;
				CLANG_WARN_CONSTANT_CONVERSION = YES;
				CLANG_WARN_DIRECT_OBJC_ISA_USAGE = YES_ERROR;
				CLANG_WARN_EMPTY_BODY = YES;
				CLANG_WARN_ENUM_CONVERSION = YES;
				CLANG_WARN_INT_CONVERSION = YES;
				CLANG_WARN_OBJC_ROOT_CLASS = YES_ERROR;
				CLANG_WARN_UNREACHABLE_CODE = YES;
				CLANG_WARN__DUPLICATE_METHOD_MATCH = YES;
				CODE_SIGN_IDENTITY = "-";
				COPY_PHASE_STRIP = NO;
				DEBUG_INFORMATION_FORMAT = "dwarf-with-dsym";
				ENABLE_NS_ASSERTIONS = NO;
				ENABLE_STRICT_OBJC_MSGSEND = YES;
				GCC_C_LANGUAGE_STANDARD = gnu99;
				GCC_NO_COMMON_BLOCKS = YES;
				GCC_WARN_64_TO_32_BIT_CONVERSION = YES;
				GCC_WARN_ABOUT_RETURN_TYPE = YES_ERROR;
				GCC_WARN_UNDECLARED_SELECTOR = YES;
				GCC_WARN_UNINITIALIZED_AUTOS = YES_AGGRESSIVE;
				GCC_WARN_UNUSED_FUNCTION = YES;
				GCC_WARN_UNUSED_VARIABLE = YES;
				MACOSX_DEPLOYMENT_TARGET = 10.11;
				MTL_ENABLE_DEBUG_INFO = NO;
				SDKROOT = macosx;
			};
			name = Release;
		};
		FFB8FFE81C1FA1E200938E52 /* Debug */ = {
			isa = XCBuildConfiguration;
			buildSettings = {
				PRODUCT_NAME = "$(TARGET_NAME)";
			};
			name = Debug;
		};
		FFB8FFE91C1FA1E200938E52 /* Release */ = {
			isa = XCBuildConfiguration;
			buildSettings = {
				PRODUCT_NAME = "$(TARGET_NAME)";
			};
			name = Release;
		};
/* End XCBuildConfiguration section */

/* Begin XCConfigurationList section */
		FFB8FFDB1C1FA1E200938E52 /* Build configuration list for PBXProject "AdventOfCode2015.swift" */ = {
			isa = XCConfigurationList;
			buildConfigurations = (
				FFB8FFE51C1FA1E200938E52 /* Debug */,
				FFB8FFE61C1FA1E200938E52 /* Release */,
			);
			defaultConfigurationIsVisible = 0;
			defaultConfigurationName = Release;
		};
		FFB8FFE71C1FA1E200938E52 /* Build configuration list for PBXNativeTarget "AdventOfCode2015.swift" */ = {
			isa = XCConfigurationList;
			buildConfigurations = (
				FFB8FFE81C1FA1E200938E52 /* Debug */,
				FFB8FFE91C1FA1E200938E52 /* Release */,
			);
			defaultConfigurationIsVisible = 0;
		};
/* End XCConfigurationList section */
	};
	rootObject = FFB8FFD81C1FA1E200938E52 /* Project object */;
}
